// !$*UTF8*$!
{
	archiveVersion = 1;
	classes = {
	};
	objectVersion = 50;
	objects = {

/* Begin PBXBuildFile section */
		227F2BEC2354BF6300AB5C0F /* AppDelegate.swift in Sources */ = {isa = PBXBuildFile; fileRef = 227F2BEB2354BF6300AB5C0F /* AppDelegate.swift */; };
		227F2BF12354BF6300AB5C0F /* Main.storyboard in Resources */ = {isa = PBXBuildFile; fileRef = 227F2BEF2354BF6300AB5C0F /* Main.storyboard */; };
		227F2BF32354BF6400AB5C0F /* Assets.xcassets in Resources */ = {isa = PBXBuildFile; fileRef = 227F2BF22354BF6400AB5C0F /* Assets.xcassets */; };
		227F2BF62354BF6400AB5C0F /* LaunchScreen.storyboard in Resources */ = {isa = PBXBuildFile; fileRef = 227F2BF42354BF6400AB5C0F /* LaunchScreen.storyboard */; };
		227F2BFE2354BF8000AB5C0F /* CustomTabBarCurve.swift in Sources */ = {isa = PBXBuildFile; fileRef = 227F2BFD2354BF8000AB5C0F /* CustomTabBarCurve.swift */; };
		227F2C022354C6A700AB5C0F /* TabViewController.swift in Sources */ = {isa = PBXBuildFile; fileRef = 227F2C012354C6A700AB5C0F /* TabViewController.swift */; };
		22D7F5002355F6DA0065B4D6 /* CustomTabBarRect.swift in Sources */ = {isa = PBXBuildFile; fileRef = 22D7F4FF2355F6DA0065B4D6 /* CustomTabBarRect.swift */; };
		22D7F5022355F7B60065B4D6 /* CustomTabBarCircle.swift in Sources */ = {isa = PBXBuildFile; fileRef = 22D7F5012355F7B60065B4D6 /* CustomTabBarCircle.swift */; };
		22D7F5042355F9610065B4D6 /* CircleViewController.swift in Sources */ = {isa = PBXBuildFile; fileRef = 22D7F5032355F9610065B4D6 /* CircleViewController.swift */; };
		22D7F5092355F9AF0065B4D6 /* RectViewController.swift in Sources */ = {isa = PBXBuildFile; fileRef = 22D7F5082355F9AF0065B4D6 /* RectViewController.swift */; };
		22D7F50B2355F9D50065B4D6 /* ViewController.swift in Sources */ = {isa = PBXBuildFile; fileRef = 22D7F50A2355F9D50065B4D6 /* ViewController.swift */; };
/* End PBXBuildFile section */

/* Begin PBXFileReference section */
		227F2BE82354BF6300AB5C0F /* CustomTabBar.app */ = {isa = PBXFileReference; explicitFileType = wrapper.application; includeInIndex = 0; path = CustomTabBar.app; sourceTree = BUILT_PRODUCTS_DIR; };
		227F2BEB2354BF6300AB5C0F /* AppDelegate.swift */ = {isa = PBXFileReference; lastKnownFileType = sourcecode.swift; path = AppDelegate.swift; sourceTree = "<group>"; };
		227F2BF02354BF6300AB5C0F /* Base */ = {isa = PBXFileReference; lastKnownFileType = file.storyboard; name = Base; path = Base.lproj/Main.storyboard; sourceTree = "<group>"; };
		227F2BF22354BF6400AB5C0F /* Assets.xcassets */ = {isa = PBXFileReference; lastKnownFileType = folder.assetcatalog; path = Assets.xcassets; sourceTree = "<group>"; };
		227F2BF52354BF6400AB5C0F /* Base */ = {isa = PBXFileReference; lastKnownFileType = file.storyboard; name = Base; path = Base.lproj/LaunchScreen.storyboard; sourceTree = "<group>"; };
		227F2BF72354BF6400AB5C0F /* Info.plist */ = {isa = PBXFileReference; lastKnownFileType = text.plist.xml; path = Info.plist; sourceTree = "<group>"; };
		227F2BFD2354BF8000AB5C0F /* CustomTabBarCurve.swift */ = {isa = PBXFileReference; lastKnownFileType = sourcecode.swift; path = CustomTabBarCurve.swift; sourceTree = "<group>"; };
		227F2C012354C6A700AB5C0F /* TabViewController.swift */ = {isa = PBXFileReference; lastKnownFileType = sourcecode.swift; path = TabViewController.swift; sourceTree = "<group>"; };
		22D7F4FF2355F6DA0065B4D6 /* CustomTabBarRect.swift */ = {isa = PBXFileReference; lastKnownFileType = sourcecode.swift; path = CustomTabBarRect.swift; sourceTree = "<group>"; };
		22D7F5012355F7B60065B4D6 /* CustomTabBarCircle.swift */ = {isa = PBXFileReference; lastKnownFileType = sourcecode.swift; path = CustomTabBarCircle.swift; sourceTree = "<group>"; };
		22D7F5032355F9610065B4D6 /* CircleViewController.swift */ = {isa = PBXFileReference; lastKnownFileType = sourcecode.swift; path = CircleViewController.swift; sourceTree = "<group>"; };
		22D7F5082355F9AF0065B4D6 /* RectViewController.swift */ = {isa = PBXFileReference; lastKnownFileType = sourcecode.swift; path = RectViewController.swift; sourceTree = "<group>"; };
		22D7F50A2355F9D50065B4D6 /* ViewController.swift */ = {isa = PBXFileReference; lastKnownFileType = sourcecode.swift; path = ViewController.swift; sourceTree = "<group>"; };
/* End PBXFileReference section */

/* Begin PBXFrameworksBuildPhase section */
		227F2BE52354BF6300AB5C0F /* Frameworks */ = {
			isa = PBXFrameworksBuildPhase;
			buildActionMask = 2147483647;
			files = (
			);
			runOnlyForDeploymentPostprocessing = 0;
		};
/* End PBXFrameworksBuildPhase section */

/* Begin PBXGroup section */
		227F2BDF2354BF6300AB5C0F = {
			isa = PBXGroup;
			children = (
				227F2BEA2354BF6300AB5C0F /* CustomTabBar */,
				227F2BE92354BF6300AB5C0F /* Products */,
			);
			sourceTree = "<group>";
		};
		227F2BE92354BF6300AB5C0F /* Products */ = {
			isa = PBXGroup;
			children = (
				227F2BE82354BF6300AB5C0F /* CustomTabBar.app */,
			);
			name = Products;
			sourceTree = "<group>";
		};
		227F2BEA2354BF6300AB5C0F /* CustomTabBar */ = {
			isa = PBXGroup;
			children = (
				22D7F5072355F9960065B4D6 /* RectViewController */,
				22D7F5062355F9830065B4D6 /* CircleViewController */,
				22D7F5052355F96F0065B4D6 /* CurveViewController */,
				227F2BEB2354BF6300AB5C0F /* AppDelegate.swift */,
				227F2BEF2354BF6300AB5C0F /* Main.storyboard */,
				227F2BF22354BF6400AB5C0F /* Assets.xcassets */,
				227F2BF42354BF6400AB5C0F /* LaunchScreen.storyboard */,
				227F2BF72354BF6400AB5C0F /* Info.plist */,
				22D7F50A2355F9D50065B4D6 /* ViewController.swift */,
			);
			path = CustomTabBar;
			sourceTree = "<group>";
		};
		22D7F5052355F96F0065B4D6 /* CurveViewController */ = {
			isa = PBXGroup;
			children = (
				227F2BFD2354BF8000AB5C0F /* CustomTabBarCurve.swift */,
				227F2C012354C6A700AB5C0F /* TabViewController.swift */,
			);
			path = CurveViewController;
			sourceTree = "<group>";
		};
		22D7F5062355F9830065B4D6 /* CircleViewController */ = {
			isa = PBXGroup;
			children = (
				22D7F5032355F9610065B4D6 /* CircleViewController.swift */,
				22D7F5012355F7B60065B4D6 /* CustomTabBarCircle.swift */,
			);
			path = CircleViewController;
			sourceTree = "<group>";
		};
		22D7F5072355F9960065B4D6 /* RectViewController */ = {
			isa = PBXGroup;
			children = (
				22D7F4FF2355F6DA0065B4D6 /* CustomTabBarRect.swift */,
				22D7F5082355F9AF0065B4D6 /* RectViewController.swift */,
			);
			path = RectViewController;
			sourceTree = "<group>";
		};
/* End PBXGroup section */

/* Begin PBXNativeTarget section */
		227F2BE72354BF6300AB5C0F /* CustomTabBar */ = {
			isa = PBXNativeTarget;
			buildConfigurationList = 227F2BFA2354BF6400AB5C0F /* Build configuration list for PBXNativeTarget "CustomTabBar" */;
			buildPhases = (
				227F2BE42354BF6300AB5C0F /* Sources */,
				227F2BE52354BF6300AB5C0F /* Frameworks */,
				227F2BE62354BF6300AB5C0F /* Resources */,
			);
			buildRules = (
			);
			dependencies = (
			);
			name = CustomTabBar;
			productName = CustomTabBar;
			productReference = 227F2BE82354BF6300AB5C0F /* CustomTabBar.app */;
			productType = "com.apple.product-type.application";
		};
/* End PBXNativeTarget section */

/* Begin PBXProject section */
		227F2BE02354BF6300AB5C0F /* Project object */ = {
			isa = PBXProject;
			attributes = {
				LastSwiftUpdateCheck = 1030;
				LastUpgradeCheck = 1030;
				ORGANIZATIONNAME = macOS;
				TargetAttributes = {
					227F2BE72354BF6300AB5C0F = {
						CreatedOnToolsVersion = 10.3;
					};
				};
			};
			buildConfigurationList = 227F2BE32354BF6300AB5C0F /* Build configuration list for PBXProject "CustomTabBar" */;
			compatibilityVersion = "Xcode 9.3";
			developmentRegion = en;
			hasScannedForEncodings = 0;
			knownRegions = (
				en,
				Base,
			);
			mainGroup = 227F2BDF2354BF6300AB5C0F;
			productRefGroup = 227F2BE92354BF6300AB5C0F /* Products */;
			projectDirPath = "";
			projectRoot = "";
			targets = (
				227F2BE72354BF6300AB5C0F /* CustomTabBar */,
			);
		};
/* End PBXProject section */

/* Begin PBXResourcesBuildPhase section */
		227F2BE62354BF6300AB5C0F /* Resources */ = {
			isa = PBXResourcesBuildPhase;
			buildActionMask = 2147483647;
			files = (
				227F2BF62354BF6400AB5C0F /* LaunchScreen.storyboard in Resources */,
				227F2BF32354BF6400AB5C0F /* Assets.xcassets in Resources */,
				227F2BF12354BF6300AB5C0F /* Main.storyboard in Resources */,
			);
			runOnlyForDeploymentPostprocessing = 0;
		};
/* End PBXResourcesBuildPhase section */

/* Begin PBXSourcesBuildPhase section */
		227F2BE42354BF6300AB5C0F /* Sources */ = {
			isa = PBXSourcesBuildPhase;
			buildActionMask = 2147483647;
			files = (
				227F2C022354C6A700AB5C0F /* TabViewController.swift in Sources */,
				227F2BFE2354BF8000AB5C0F /* CustomTabBarCurve.swift in Sources */,
				22D7F5042355F9610065B4D6 /* CircleViewController.swift in Sources */,
				22D7F5022355F7B60065B4D6 /* CustomTabBarCircle.swift in Sources */,
				22D7F5002355F6DA0065B4D6 /* CustomTabBarRect.swift in Sources */,
				227F2BEC2354BF6300AB5C0F /* AppDelegate.swift in Sources */,
				22D7F50B2355F9D50065B4D6 /* ViewController.swift in Sources */,
				22D7F5092355F9AF0065B4D6 /* RectViewController.swift in Sources */,
			);
			runOnlyForDeploymentPostprocessing = 0;
		};
/* End PBXSourcesBuildPhase section */

/* Begin PBXVariantGroup section */
		227F2BEF2354BF6300AB5C0F /* Main.storyboard */ = {
			isa = PBXVariantGroup;
			children = (
				227F2BF02354BF6300AB5C0F /* Base */,
			);
			name = Main.storyboard;
			sourceTree = "<group>";
		};
		227F2BF42354BF6400AB5C0F /* LaunchScreen.storyboard */ = {
			isa = PBXVariantGroup;
			children = (
				227F2BF52354BF6400AB5C0F /* Base */,
			);
			name = LaunchScreen.storyboard;
			sourceTree = "<group>";
		};
/* End PBXVariantGroup section */

/* Begin XCBuildConfiguration section */
		227F2BF82354BF6400AB5C0F /* Debug */ = {
			isa = XCBuildConfiguration;
			buildSettings = {
				ALWAYS_SEARCH_USER_PATHS = NO;
				CLANG_ANALYZER_NONNULL = YES;
				CLANG_ANALYZER_NUMBER_OBJECT_CONVERSION = YES_AGGRESSIVE;
				CLANG_CXX_LANGUAGE_STANDARD = "gnu++14";
				CLANG_CXX_LIBRARY = "libc++";
				CLANG_ENABLE_MODULES = YES;
				CLANG_ENABLE_OBJC_ARC = YES;
				CLANG_ENABLE_OBJC_WEAK = YES;
				CLANG_WARN_BLOCK_CAPTURE_AUTORELEASING = YES;
				CLANG_WARN_BOOL_CONVERSION = YES;
				CLANG_WARN_COMMA = YES;
				CLANG_WARN_CONSTANT_CONVERSION = YES;
				CLANG_WARN_DEPRECATED_OBJC_IMPLEMENTATIONS = YES;
				CLANG_WARN_DIRECT_OBJC_ISA_USAGE = YES_ERROR;
				CLANG_WARN_DOCUMENTATION_COMMENTS = YES;
				CLANG_WARN_EMPTY_BODY = YES;
				CLANG_WARN_ENUM_CONVERSION = YES;
				CLANG_WARN_INFINITE_RECURSION = YES;
				CLANG_WARN_INT_CONVERSION = YES;
				CLANG_WARN_NON_LITERAL_NULL_CONVERSION = YES;
				CLANG_WARN_OBJC_IMPLICIT_RETAIN_SELF = YES;
				CLANG_WARN_OBJC_LITERAL_CONVERSION = YES;
				CLANG_WARN_OBJC_ROOT_CLASS = YES_ERROR;
				CLANG_WARN_RANGE_LOOP_ANALYSIS = YES;
				CLANG_WARN_STRICT_PROTOTYPES = YES;
				CLANG_WARN_SUSPICIOUS_MOVE = YES;
				CLANG_WARN_UNGUARDED_AVAILABILITY = YES_AGGRESSIVE;
				CLANG_WARN_UNREACHABLE_CODE = YES;
				CLANG_WARN__DUPLICATE_METHOD_MATCH = YES;
				CODE_SIGN_IDENTITY = "iPhone Developer";
				COPY_PHASE_STRIP = NO;
				DEBUG_INFORMATION_FORMAT = dwarf;
				ENABLE_STRICT_OBJC_MSGSEND = YES;
				ENABLE_TESTABILITY = YES;
				GCC_C_LANGUAGE_STANDARD = gnu11;
				GCC_DYNAMIC_NO_PIC = NO;
				GCC_NO_COMMON_BLOCKS = YES;
				GCC_OPTIMIZATION_LEVEL = 0;
				GCC_PREPROCESSOR_DEFINITIONS = (
					"DEBUG=1",
					"$(inherited)",
				);
				GCC_WARN_64_TO_32_BIT_CONVERSION = YES;
				GCC_WARN_ABOUT_RETURN_TYPE = YES_ERROR;
				GCC_WARN_UNDECLARED_SELECTOR = YES;
				GCC_WARN_UNINITIALIZED_AUTOS = YES_AGGRESSIVE;
				GCC_WARN_UNUSED_FUNCTION = YES;
				GCC_WARN_UNUSED_VARIABLE = YES;
				IPHONEOS_DEPLOYMENT_TARGET = 12.4;
				MTL_ENABLE_DEBUG_INFO = INCLUDE_SOURCE;
				MTL_FAST_MATH = YES;
				ONLY_ACTIVE_ARCH = YES;
				SDKROOT = iphoneos;
				SWIFT_ACTIVE_COMPILATION_CONDITIONS = DEBUG;
				SWIFT_OPTIMIZATION_LEVEL = "-Onone";
			};
			name = Debug;
		};
		227F2BF92354BF6400AB5C0F /* Release */ = {
			isa = XCBuildConfiguration;
			buildSettings = {
				ALWAYS_SEARCH_USER_PATHS = NO;
				CLANG_ANALYZER_NONNULL = YES;
				CLANG_ANALYZER_NUMBER_OBJECT_CONVERSION = YES_AGGRESSIVE;
				CLANG_CXX_LANGUAGE_STANDARD = "gnu++14";
				CLANG_CXX_LIBRARY = "libc++";
				CLANG_ENABLE_MODULES = YES;
				CLANG_ENABLE_OBJC_ARC = YES;
				CLANG_ENABLE_OBJC_WEAK = YES;
				CLANG_WARN_BLOCK_CAPTURE_AUTORELEASING = YES;
				CLANG_WARN_BOOL_CONVERSION = YES;
				CLANG_WARN_COMMA = YES;
				CLANG_WARN_CONSTANT_CONVERSION = YES;
				CLANG_WARN_DEPRECATED_OBJC_IMPLEMENTATIONS = YES;
				CLANG_WARN_DIRECT_OBJC_ISA_USAGE = YES_ERROR;
				CLANG_WARN_DOCUMENTATION_COMMENTS = YES;
				CLANG_WARN_EMPTY_BODY = YES;
				CLANG_WARN_ENUM_CONVERSION = YES;
				CLANG_WARN_INFINITE_RECURSION = YES;
				CLANG_WARN_INT_CONVERSION = YES;
				CLANG_WARN_NON_LITERAL_NULL_CONVERSION = YES;
				CLANG_WARN_OBJC_IMPLICIT_RETAIN_SELF = YES;
				CLANG_WARN_OBJC_LITERAL_CONVERSION = YES;
				CLANG_WARN_OBJC_ROOT_CLASS = YES_ERROR;
				CLANG_WARN_RANGE_LOOP_ANALYSIS = YES;
				CLANG_WARN_STRICT_PROTOTYPES = YES;
				CLANG_WARN_SUSPICIOUS_MOVE = YES;
				CLANG_WARN_UNGUARDED_AVAILABILITY = YES_AGGRESSIVE;
				CLANG_WARN_UNREACHABLE_CODE = YES;
				CLANG_WARN__DUPLICATE_METHOD_MATCH = YES;
				CODE_SIGN_IDENTITY = "iPhone Developer";
				COPY_PHASE_STRIP = NO;
				DEBUG_INFORMATION_FORMAT = "dwarf-with-dsym";
				ENABLE_NS_ASSERTIONS = NO;
				ENABLE_STRICT_OBJC_MSGSEND = YES;
				GCC_C_LANGUAGE_STANDARD = gnu11;
				GCC_NO_COMMON_BLOCKS = YES;
				GCC_WARN_64_TO_32_BIT_CONVERSION = YES;
				GCC_WARN_ABOUT_RETURN_TYPE = YES_ERROR;
				GCC_WARN_UNDECLARED_SELECTOR = YES;
				GCC_WARN_UNINITIALIZED_AUTOS = YES_AGGRESSIVE;
				GCC_WARN_UNUSED_FUNCTION = YES;
				GCC_WARN_UNUSED_VARIABLE = YES;
				IPHONEOS_DEPLOYMENT_TARGET = 12.4;
				MTL_ENABLE_DEBUG_INFO = NO;
				MTL_FAST_MATH = YES;
				SDKROOT = iphoneos;
				SWIFT_COMPILATION_MODE = wholemodule;
				SWIFT_OPTIMIZATION_LEVEL = "-O";
				VALIDATE_PRODUCT = YES;
			};
			name = Release;
		};
		227F2BFB2354BF6400AB5C0F /* Debug */ = {
			isa = XCBuildConfiguration;
			buildSettings = {
				ASSETCATALOG_COMPILER_APPICON_NAME = AppIcon;
				CODE_SIGN_STYLE = Automatic;
				DEVELOPMENT_TEAM = BHG3GYKRBY;
				INFOPLIST_FILE = CustomTabBar/Info.plist;
				LD_RUNPATH_SEARCH_PATHS = (
					"$(inherited)",
					"@executable_path/Frameworks",
				);
				PRODUCT_BUNDLE_IDENTIFIER = com.tsol.CustomTabBar;
				PRODUCT_NAME = "$(TARGET_NAME)";
				SWIFT_VERSION = 5.0;
				TARGETED_DEVICE_FAMILY = "1,2";
			};
			name = Debug;
		};
		227F2BFC2354BF6400AB5C0F /* Release */ = {
			isa = XCBuildConfiguration;
			buildSettings = {
				ASSETCATALOG_COMPILER_APPICON_NAME = AppIcon;
				CODE_SIGN_STYLE = Automatic;
				DEVELOPMENT_TEAM = BHG3GYKRBY;
				INFOPLIST_FILE = CustomTabBar/Info.plist;
				LD_RUNPATH_SEARCH_PATHS = (
					"$(inherited)",
					"@executable_path/Frameworks",
				);
				PRODUCT_BUNDLE_IDENTIFIER = com.tsol.CustomTabBar;
				PRODUCT_NAME = "$(TARGET_NAME)";
				SWIFT_VERSION = 5.0;
				TARGETED_DEVICE_FAMILY = "1,2";
			};
			name = Release;
		};
/* End XCBuildConfiguration section */

/* Begin XCConfigurationList section */
		227F2BE32354BF6300AB5C0F /* Build configuration list for PBXProject "CustomTabBar" */ = {
			isa = XCConfigurationList;
			buildConfigurations = (
				227F2BF82354BF6400AB5C0F /* Debug */,
				227F2BF92354BF6400AB5C0F /* Release */,
			);
			defaultConfigurationIsVisible = 0;
			defaultConfigurationName = Release;
		};
		227F2BFA2354BF6400AB5C0F /* Build configuration list for PBXNativeTarget "CustomTabBar" */ = {
			isa = XCConfigurationList;
			buildConfigurations = (
				227F2BFB2354BF6400AB5C0F /* Debug */,
				227F2BFC2354BF6400AB5C0F /* Release */,
			);
			defaultConfigurationIsVisible = 0;
			defaultConfigurationName = Release;
		};
/* End XCConfigurationList section */
	};
	rootObject = 227F2BE02354BF6300AB5C0F /* Project object */;
}
